{
  "version": 4,
  "terraform_version": "1.11.4",
  "serial": 45,
  "lineage": "b846e7cb-4f1a-05df-4e12-b29e958b36ef",
  "outputs": {},
  "resources": [
    {
      "mode": "data",
      "type": "xenorchestra_host",
      "name": "host1",
      "provider": "provider[\"registry.terraform.io/vatesfr/xenorchestra\"]",
      "instances": [
        {
          "schema_version": 0,
          "attributes": {
            "cpus": {
              "cores": 4,
              "sockets": 1
            },
            "id": "2783a57c-9812-4cab-b7a2-b9298ac177e6",
            "memory": 17179869184,
            "memory_usage": 6828601344,
            "name_label": "xcp-ng-pc",
            "pool_id": "f8fa054d-7e9f-dafb-8b09-148e90cb176a",
            "tags": []
          },
          "sensitive_attributes": []
        }
      ]
    },
    {
      "mode": "data",
      "type": "xenorchestra_host",
      "name": "host2",
      "provider": "provider[\"registry.terraform.io/vatesfr/xenorchestra\"]",
      "instances": [
        {
          "schema_version": 0,
          "attributes": {
            "cpus": {
              "cores": 16,
              "sockets": 2
            },
            "id": "3b3731b9-f61b-43c8-b15e-22d511c9827f",
            "memory": 34359738368,
            "memory_usage": 14331887616,
            "name_label": "xcp-ng-server-01",
            "pool_id": "f8fa054d-7e9f-dafb-8b09-148e90cb176a",
            "tags": []
          },
          "sensitive_attributes": []
        }
      ]
    },
    {
      "mode": "data",
      "type": "xenorchestra_pif",
      "name": "eth0",
      "provider": "provider[\"registry.terraform.io/vatesfr/xenorchestra\"]",
      "instances": [
        {
          "schema_version": 0,
          "attributes": {
            "attached": false,
            "bond_master": "8b605dbf-cc4e-545c-aaa8-663e69694670",
            "bond_slaves": [],
            "device": "eth0",
            "host": "2783a57c-9812-4cab-b7a2-b9298ac177e6",
            "host_id": "2783a57c-9812-4cab-b7a2-b9298ac177e6",
            "id": "77478990-a6ee-4834-27a6-a2c78311da6e",
            "is_bond_master": false,
            "is_bond_slave": true,
            "network": "75cec394-720e-d7e6-55dd-e6b3094bf40f",
            "pool_id": "f8fa054d-7e9f-dafb-8b09-148e90cb176a",
            "uuid": "77478990-a6ee-4834-27a6-a2c78311da6e",
            "vlan": -1
          },
          "sensitive_attributes": []
        }
      ]
    },
    {
      "mode": "data",
      "type": "xenorchestra_pif",
      "name": "eth1",
      "provider": "provider[\"registry.terraform.io/vatesfr/xenorchestra\"]",
      "instances": [
        {
          "schema_version": 0,
          "attributes": {
            "attached": false,
            "bond_master": "8b605dbf-cc4e-545c-aaa8-663e69694670",
            "bond_slaves": [],
            "device": "eth1",
            "host": "2783a57c-9812-4cab-b7a2-b9298ac177e6",
            "host_id": "2783a57c-9812-4cab-b7a2-b9298ac177e6",
            "id": "a811c75f-662b-73c3-a730-8912f03a7eef",
            "is_bond_master": false,
            "is_bond_slave": true,
            "network": "be6a40d7-8ca0-fdf5-1000-5df496291ec2",
            "pool_id": "f8fa054d-7e9f-dafb-8b09-148e90cb176a",
            "uuid": "a811c75f-662b-73c3-a730-8912f03a7eef",
            "vlan": -1
          },
          "sensitive_attributes": []
        }
      ]
    },
    {
      "mode": "data",
      "type": "xenorchestra_pool",
      "name": "pool",
      "provider": "provider[\"registry.terraform.io/vatesfr/xenorchestra\"]",
      "instances": [
        {
          "schema_version": 0,
          "attributes": {
            "cpus": {
              "cores": "20",
              "sockets": "3"
            },
            "description": "",
            "id": "f8fa054d-7e9f-dafb-8b09-148e90cb176a",
            "master": "2783a57c-9812-4cab-b7a2-b9298ac177e6",
            "name_label": "xcp-ng-pool"
          },
          "sensitive_attributes": []
        }
      ]
    },
    {
      "mode": "data",
      "type": "xenorchestra_sr",
      "name": "pc_hdd",
      "provider": "provider[\"registry.terraform.io/vatesfr/xenorchestra\"]",
      "instances": [
        {
          "schema_version": 0,
          "attributes": {
            "container": "2783a57c-9812-4cab-b7a2-b9298ac177e6",
            "id": "d96c6e88-9823-976f-bda5-6382d3cc7b00",
            "name_label": "PC HDD Storage",
            "physical_usage": 2294616064,
            "pool_id": "f8fa054d-7e9f-dafb-8b09-148e90cb176a",
            "size": 983338868736,
            "sr_type": "ext",
            "tags": null,
            "usage": 3760193536,
            "uuid": "d96c6e88-9823-976f-bda5-6382d3cc7b00"
          },
          "sensitive_attributes": []
        }
      ]
    },
    {
      "mode": "data",
      "type": "xenorchestra_sr",
      "name": "pc_ssd",
      "provider": "provider[\"registry.terraform.io/vatesfr/xenorchestra\"]",
      "instances": [
        {
          "schema_version": 0,
          "attributes": {
            "container": "2783a57c-9812-4cab-b7a2-b9298ac177e6",
            "id": "dc61f29d-fea7-2bb7-1812-89f0d456843b",
            "name_label": "PC SSD Storage",
            "physical_usage": 7699066880,
            "pool_id": "f8fa054d-7e9f-dafb-8b09-148e90cb176a",
            "size": 191278309376,
            "sr_type": "ext",
            "tags": null,
            "usage": 71955382272,
            "uuid": "dc61f29d-fea7-2bb7-1812-89f0d456843b"
          },
          "sensitive_attributes": []
        }
      ]
    },
    {
      "mode": "data",
      "type": "xenorchestra_sr",
      "name": "server_hdd",
      "provider": "provider[\"registry.terraform.io/vatesfr/xenorchestra\"]",
      "instances": [
        {
          "schema_version": 0,
          "attributes": {
            "container": "3b3731b9-f61b-43c8-b15e-22d511c9827f",
            "id": "c8691157-6a4a-cc51-7c3b-e990df7ad589",
            "name_label": "Server HDD Storage",
            "physical_usage": 9211981824,
            "pool_id": "f8fa054d-7e9f-dafb-8b09-148e90cb176a",
            "size": 1967801966592,
            "sr_type": "ext",
            "tags": null,
            "usage": 85941288960,
            "uuid": "c8691157-6a4a-cc51-7c3b-e990df7ad589"
          },
          "sensitive_attributes": []
        }
      ]
    },
    {
      "mode": "data",
      "type": "xenorchestra_sr",
      "name": "server_sas",
      "provider": "provider[\"registry.terraform.io/vatesfr/xenorchestra\"]",
      "instances": [
        {
          "schema_version": 0,
          "attributes": {
            "container": "3b3731b9-f61b-43c8-b15e-22d511c9827f",
            "id": "d6e2e6cc-143b-8fd9-83f6-4a4c99900ad3",
            "name_label": "Server SAS Storage",
            "physical_usage": 2125824,
            "pool_id": "f8fa054d-7e9f-dafb-8b09-148e90cb176a",
            "size": 287801245696,
            "sr_type": "ext",
            "tags": null,
            "usage": 0,
            "uuid": "d6e2e6cc-143b-8fd9-83f6-4a4c99900ad3"
          },
          "sensitive_attributes": []
        }
      ]
    },
    {
      "mode": "data",
      "type": "xenorchestra_sr",
      "name": "server_ssd",
      "provider": "provider[\"registry.terraform.io/vatesfr/xenorchestra\"]",
      "instances": [
        {
          "schema_version": 0,
          "attributes": {
            "container": "3b3731b9-f61b-43c8-b15e-22d511c9827f",
            "id": "f40517ff-42b4-d52e-ae58-fd269f041d9a",
            "name_label": "Server SSD Storage",
            "physical_usage": 2296705024,
            "pool_id": "f8fa054d-7e9f-dafb-8b09-148e90cb176a",
            "size": 73646841856,
            "sr_type": "ext",
            "tags": null,
            "usage": 42960158720,
            "uuid": "f40517ff-42b4-d52e-ae58-fd269f041d9a"
          },
          "sensitive_attributes": []
        }
      ]
    },
    {
      "mode": "managed",
      "type": "xenorchestra_bonded_network",
      "name": "network",
      "provider": "provider[\"registry.terraform.io/vatesfr/xenorchestra\"]",
      "instances": [
        {
          "schema_version": 0,
          "attributes": {
            "automatic": false,
            "bond_mode": "active-backup",
            "default_is_locked": false,
            "id": "fa3c6423-14dc-298c-2606-0f1715a044d7",
            "mtu": 1500,
            "name_description": "Pool bonded network",
            "name_label": "bond0",
            "pif_ids": [
              "a811c75f-662b-73c3-a730-8912f03a7eef",
              "77478990-a6ee-4834-27a6-a2c78311da6e"
            ],
            "pool_id": "f8fa054d-7e9f-dafb-8b09-148e90cb176a"
          },
          "sensitive_attributes": [],
          "private": "eyJzY2hlbWFfdmVyc2lvbiI6IjAifQ==",
          "dependencies": [
            "data.xenorchestra_host.host1",
            "data.xenorchestra_pif.eth0",
            "data.xenorchestra_pif.eth1"
          ]
        }
      ]
    }
  ],
  "check_results": null
}
